
Microsoft Visual Studio Solution File, Format Version 12.00
# Visual Studio Version 17
VisualStudioVersion = 17.3.32825.248
MinimumVisualStudioVersion = 10.0.40219.1
Project("{8BC9CEB8-8B4A-11D0-8D11-00A0C91BC942}") = "lab1(4)", "lab1(4)\lab1(4).vcxproj", "{F88879D1-8934-4E95-974F-5D4777EB2D2B}"
EndProject
Global
	GlobalSection(SolutionConfigurationPlatforms) = preSolution
		Debug|x64 = Debug|x64
		Debug|x86 = Debug|x86
		Release|x64 = Release|x64
		Release|x86 = Release|x86
	EndGlobalSection
	GlobalSection(ProjectConfigurationPlatforms) = postSolution
		{F88879D1-8934-4E95-974F-5D4777EB2D2B}.Debug|x64.ActiveCfg = Debug|x64
		{F88879D1-8934-4E95-974F-5D4777EB2D2B}.Debug|x64.Build.0 = Debug|x64
		{F88879D1-8934-4E95-974F-5D4777EB2D2B}.Debug|x86.ActiveCfg = Debug|Win32
		{F88879D1-8934-4E95-974F-5D4777EB2D2B}.Debug|x86.Build.0 = Debug|Win32
		{F88879D1-8934-4E95-974F-5D4777EB2D2B}.Release|x64.ActiveCfg = Release|x64
		{F88879D1-8934-4E95-974F-5D4777EB2D2B}.Release|x64.Build.0 = Release|x64
		{F88879D1-8934-4E95-974F-5D4777EB2D2B}.Release|x86.ActiveCfg = Release|Win32
		{F88879D1-8934-4E95-974F-5D4777EB2D2B}.Release|x86.Build.0 = Release|Win32
	EndGlobalSection
	GlobalSection(SolutionProperties) = preSolution
		HideSolutionNode = FALSE
	EndGlobalSection
	GlobalSection(ExtensibilityGlobals) = postSolution
		SolutionGuid = {944C20BC-8A2D-4FBC-A5A6-BAE787AD1358}
	EndGlobalSection
EndGlobal
